// !$*UTF8*$!
{
	archiveVersion = 1;
	classes = {
	};
	objectVersion = 50;
	objects = {

/* Begin PBXBuildFile section */
		565AC6182254A5DD00B5590A /* AppDelegate.m in Sources */ = {isa = PBXBuildFile; fileRef = 565AC6172254A5DD00B5590A /* AppDelegate.m */; };
		565AC61B2254A5DD00B5590A /* ViewController.m in Sources */ = {isa = PBXBuildFile; fileRef = 565AC61A2254A5DD00B5590A /* ViewController.m */; };
		565AC61E2254A5DD00B5590A /* Main.storyboard in Resources */ = {isa = PBXBuildFile; fileRef = 565AC61C2254A5DD00B5590A /* Main.storyboard */; };
		565AC6202254A5DE00B5590A /* Assets.xcassets in Resources */ = {isa = PBXBuildFile; fileRef = 565AC61F2254A5DE00B5590A /* Assets.xcassets */; };
		565AC6232254A5DE00B5590A /* LaunchScreen.storyboard in Resources */ = {isa = PBXBuildFile; fileRef = 565AC6212254A5DE00B5590A /* LaunchScreen.storyboard */; };
		565AC6262254A5DE00B5590A /* main.m in Sources */ = {isa = PBXBuildFile; fileRef = 565AC6252254A5DE00B5590A /* main.m */; };
		565AC6302254A5DE00B5590A /* OC2_7Tests.m in Sources */ = {isa = PBXBuildFile; fileRef = 565AC62F2254A5DE00B5590A /* OC2_7Tests.m */; };
		565AC63B2254A5DE00B5590A /* OC2_7UITests.m in Sources */ = {isa = PBXBuildFile; fileRef = 565AC63A2254A5DE00B5590A /* OC2_7UITests.m */; };
		565AC64A2254A61B00B5590A /* EOCPerson.m in Sources */ = {isa = PBXBuildFile; fileRef = 565AC6492254A61B00B5590A /* EOCPerson.m */; };
		565AC64D2254AB2200B5590A /* EOCBrain.m in Sources */ = {isa = PBXBuildFile; fileRef = 565AC64C2254AB2200B5590A /* EOCBrain.m */; };
/* End PBXBuildFile section */

/* Begin PBXContainerItemProxy section */
		565AC62C2254A5DE00B5590A /* PBXContainerItemProxy */ = {
			isa = PBXContainerItemProxy;
			containerPortal = 565AC60B2254A5DD00B5590A /* Project object */;
			proxyType = 1;
			remoteGlobalIDString = 565AC6122254A5DD00B5590A;
			remoteInfo = OC2_7;
		};
		565AC6372254A5DE00B5590A /* PBXContainerItemProxy */ = {
			isa = PBXContainerItemProxy;
			containerPortal = 565AC60B2254A5DD00B5590A /* Project object */;
			proxyType = 1;
			remoteGlobalIDString = 565AC6122254A5DD00B5590A;
			remoteInfo = OC2_7;
		};
/* End PBXContainerItemProxy section */

/* Begin PBXFileReference section */
		565AC6132254A5DD00B5590A /* OC2_7.app */ = {isa = PBXFileReference; explicitFileType = wrapper.application; includeInIndex = 0; path = OC2_7.app; sourceTree = BUILT_PRODUCTS_DIR; };
		565AC6162254A5DD00B5590A /* AppDelegate.h */ = {isa = PBXFileReference; lastKnownFileType = sourcecode.c.h; path = AppDelegate.h; sourceTree = "<group>"; };
		565AC6172254A5DD00B5590A /* AppDelegate.m */ = {isa = PBXFileReference; lastKnownFileType = sourcecode.c.objc; path = AppDelegate.m; sourceTree = "<group>"; };
		565AC6192254A5DD00B5590A /* ViewController.h */ = {isa = PBXFileReference; lastKnownFileType = sourcecode.c.h; path = ViewController.h; sourceTree = "<group>"; };
		565AC61A2254A5DD00B5590A /* ViewController.m */ = {isa = PBXFileReference; lastKnownFileType = sourcecode.c.objc; path = ViewController.m; sourceTree = "<group>"; };
		565AC61D2254A5DD00B5590A /* Base */ = {isa = PBXFileReference; lastKnownFileType = file.storyboard; name = Base; path = Base.lproj/Main.storyboard; sourceTree = "<group>"; };
		565AC61F2254A5DE00B5590A /* Assets.xcassets */ = {isa = PBXFileReference; lastKnownFileType = folder.assetcatalog; path = Assets.xcassets; sourceTree = "<group>"; };
		565AC6222254A5DE00B5590A /* Base */ = {isa = PBXFileReference; lastKnownFileType = file.storyboard; name = Base; path = Base.lproj/LaunchScreen.storyboard; sourceTree = "<group>"; };
		565AC6242254A5DE00B5590A /* Info.plist */ = {isa = PBXFileReference; lastKnownFileType = text.plist.xml; path = Info.plist; sourceTree = "<group>"; };
		565AC6252254A5DE00B5590A /* main.m */ = {isa = PBXFileReference; lastKnownFileType = sourcecode.c.objc; path = main.m; sourceTree = "<group>"; };
		565AC62B2254A5DE00B5590A /* OC2_7Tests.xctest */ = {isa = PBXFileReference; explicitFileType = wrapper.cfbundle; includeInIndex = 0; path = OC2_7Tests.xctest; sourceTree = BUILT_PRODUCTS_DIR; };
		565AC62F2254A5DE00B5590A /* OC2_7Tests.m */ = {isa = PBXFileReference; lastKnownFileType = sourcecode.c.objc; path = OC2_7Tests.m; sourceTree = "<group>"; };
		565AC6312254A5DE00B5590A /* Info.plist */ = {isa = PBXFileReference; lastKnownFileType = text.plist.xml; path = Info.plist; sourceTree = "<group>"; };
		565AC6362254A5DE00B5590A /* OC2_7UITests.xctest */ = {isa = PBXFileReference; explicitFileType = wrapper.cfbundle; includeInIndex = 0; path = OC2_7UITests.xctest; sourceTree = BUILT_PRODUCTS_DIR; };
		565AC63A2254A5DE00B5590A /* OC2_7UITests.m */ = {isa = PBXFileReference; lastKnownFileType = sourcecode.c.objc; path = OC2_7UITests.m; sourceTree = "<group>"; };
		565AC63C2254A5DE00B5590A /* Info.plist */ = {isa = PBXFileReference; lastKnownFileType = text.plist.xml; path = Info.plist; sourceTree = "<group>"; };
		565AC6482254A61B00B5590A /* EOCPerson.h */ = {isa = PBXFileReference; lastKnownFileType = sourcecode.c.h; path = EOCPerson.h; sourceTree = "<group>"; };
		565AC6492254A61B00B5590A /* EOCPerson.m */ = {isa = PBXFileReference; lastKnownFileType = sourcecode.c.objc; path = EOCPerson.m; sourceTree = "<group>"; };
		565AC64B2254AB2200B5590A /* EOCBrain.h */ = {isa = PBXFileReference; lastKnownFileType = sourcecode.c.h; path = EOCBrain.h; sourceTree = "<group>"; };
		565AC64C2254AB2200B5590A /* EOCBrain.m */ = {isa = PBXFileReference; lastKnownFileType = sourcecode.c.objc; path = EOCBrain.m; sourceTree = "<group>"; };
/* End PBXFileReference section */

/* Begin PBXFrameworksBuildPhase section */
		565AC6102254A5DD00B5590A /* Frameworks */ = {
			isa = PBXFrameworksBuildPhase;
			buildActionMask = 2147483647;
			files = (
			);
			runOnlyForDeploymentPostprocessing = 0;
		};
		565AC6282254A5DE00B5590A /* Frameworks */ = {
			isa = PBXFrameworksBuildPhase;
			buildActionMask = 2147483647;
			files = (
			);
			runOnlyForDeploymentPostprocessing = 0;
		};
		565AC6332254A5DE00B5590A /* Frameworks */ = {
			isa = PBXFrameworksBuildPhase;
			buildActionMask = 2147483647;
			files = (
			);
			runOnlyForDeploymentPostprocessing = 0;
		};
/* End PBXFrameworksBuildPhase section */

/* Begin PBXGroup section */
		565AC60A2254A5DD00B5590A = {
			isa = PBXGroup;
			children = (
				565AC6152254A5DD00B5590A /* OC2_7 */,
				565AC62E2254A5DE00B5590A /* OC2_7Tests */,
				565AC6392254A5DE00B5590A /* OC2_7UITests */,
				565AC6142254A5DD00B5590A /* Products */,
			);
			sourceTree = "<group>";
		};
		565AC6142254A5DD00B5590A /* Products */ = {
			isa = PBXGroup;
			children = (
				565AC6132254A5DD00B5590A /* OC2_7.app */,
				565AC62B2254A5DE00B5590A /* OC2_7Tests.xctest */,
				565AC6362254A5DE00B5590A /* OC2_7UITests.xctest */,
			);
			name = Products;
			sourceTree = "<group>";
		};
		565AC6152254A5DD00B5590A /* OC2_7 */ = {
			isa = PBXGroup;
			children = (
				565AC6162254A5DD00B5590A /* AppDelegate.h */,
				565AC6172254A5DD00B5590A /* AppDelegate.m */,
				565AC6192254A5DD00B5590A /* ViewController.h */,
				565AC61A2254A5DD00B5590A /* ViewController.m */,
				565AC61C2254A5DD00B5590A /* Main.storyboard */,
				565AC61F2254A5DE00B5590A /* Assets.xcassets */,
				565AC6212254A5DE00B5590A /* LaunchScreen.storyboard */,
				565AC6242254A5DE00B5590A /* Info.plist */,
				565AC6252254A5DE00B5590A /* main.m */,
				565AC6482254A61B00B5590A /* EOCPerson.h */,
				565AC6492254A61B00B5590A /* EOCPerson.m */,
				565AC64B2254AB2200B5590A /* EOCBrain.h */,
				565AC64C2254AB2200B5590A /* EOCBrain.m */,
			);
			path = OC2_7;
			sourceTree = "<group>";
		};
		565AC62E2254A5DE00B5590A /* OC2_7Tests */ = {
			isa = PBXGroup;
			children = (
				565AC62F2254A5DE00B5590A /* OC2_7Tests.m */,
				565AC6312254A5DE00B5590A /* Info.plist */,
			);
			path = OC2_7Tests;
			sourceTree = "<group>";
		};
		565AC6392254A5DE00B5590A /* OC2_7UITests */ = {
			isa = PBXGroup;
			children = (
				565AC63A2254A5DE00B5590A /* OC2_7UITests.m */,
				565AC63C2254A5DE00B5590A /* Info.plist */,
			);
			path = OC2_7UITests;
			sourceTree = "<group>";
		};
/* End PBXGroup section */

/* Begin PBXNativeTarget section */
		565AC6122254A5DD00B5590A /* OC2_7 */ = {
			isa = PBXNativeTarget;
			buildConfigurationList = 565AC63F2254A5DE00B5590A /* Build configuration list for PBXNativeTarget "OC2_7" */;
			buildPhases = (
				565AC60F2254A5DD00B5590A /* Sources */,
				565AC6102254A5DD00B5590A /* Frameworks */,
				565AC6112254A5DD00B5590A /* Resources */,
			);
			buildRules = (
			);
			dependencies = (
			);
			name = OC2_7;
			productName = OC2_7;
			productReference = 565AC6132254A5DD00B5590A /* OC2_7.app */;
			productType = "com.apple.product-type.application";
		};
		565AC62A2254A5DE00B5590A /* OC2_7Tests */ = {
			isa = PBXNativeTarget;
			buildConfigurationList = 565AC6422254A5DE00B5590A /* Build configuration list for PBXNativeTarget "OC2_7Tests" */;
			buildPhases = (
				565AC6272254A5DE00B5590A /* Sources */,
				565AC6282254A5DE00B5590A /* Frameworks */,
				565AC6292254A5DE00B5590A /* Resources */,
			);
			buildRules = (
			);
			dependencies = (
				565AC62D2254A5DE00B5590A /* PBXTargetDependency */,
			);
			name = OC2_7Tests;
			productName = OC2_7Tests;
			productReference = 565AC62B2254A5DE00B5590A /* OC2_7Tests.xctest */;
			productType = "com.apple.product-type.bundle.unit-test";
		};
		565AC6352254A5DE00B5590A /* OC2_7UITests */ = {
			isa = PBXNativeTarget;
			buildConfigurationList = 565AC6452254A5DE00B5590A /* Build configuration list for PBXNativeTarget "OC2_7UITests" */;
			buildPhases = (
				565AC6322254A5DE00B5590A /* Sources */,
				565AC6332254A5DE00B5590A /* Frameworks */,
				565AC6342254A5DE00B5590A /* Resources */,
			);
			buildRules = (
			);
			dependencies = (
				565AC6382254A5DE00B5590A /* PBXTargetDependency */,
			);
			name = OC2_7UITests;
			productName = OC2_7UITests;
			productReference = 565AC6362254A5DE00B5590A /* OC2_7UITests.xctest */;
			productType = "com.apple.product-type.bundle.ui-testing";
		};
/* End PBXNativeTarget section */

/* Begin PBXProject section */
		565AC60B2254A5DD00B5590A /* Project object */ = {
			isa = PBXProject;
			attributes = {
				LastUpgradeCheck = 1010;
				ORGANIZATIONNAME = charles;
				TargetAttributes = {
					565AC6122254A5DD00B5590A = {
						CreatedOnToolsVersion = 10.1;
					};
					565AC62A2254A5DE00B5590A = {
						CreatedOnToolsVersion = 10.1;
						TestTargetID = 565AC6122254A5DD00B5590A;
					};
					565AC6352254A5DE00B5590A = {
						CreatedOnToolsVersion = 10.1;
						TestTargetID = 565AC6122254A5DD00B5590A;
					};
				};
			};
			buildConfigurationList = 565AC60E2254A5DD00B5590A /* Build configuration list for PBXProject "OC2_7" */;
			compatibilityVersion = "Xcode 9.3";
			developmentRegion = en;
			hasScannedForEncodings = 0;
			knownRegions = (
				en,
				Base,
			);
			mainGroup = 565AC60A2254A5DD00B5590A;
			productRefGroup = 565AC6142254A5DD00B5590A /* Products */;
			projectDirPath = "";
			projectRoot = "";
			targets = (
				565AC6122254A5DD00B5590A /* OC2_7 */,
				565AC62A2254A5DE00B5590A /* OC2_7Tests */,
				565AC6352254A5DE00B5590A /* OC2_7UITests */,
			);
		};
/* End PBXProject section */

/* Begin PBXResourcesBuildPhase section */
		565AC6112254A5DD00B5590A /* Resources */ = {
			isa = PBXResourcesBuildPhase;
			buildActionMask = 2147483647;
			files = (
				565AC6232254A5DE00B5590A /* LaunchScreen.storyboard in Resources */,
				565AC6202254A5DE00B5590A /* Assets.xcassets in Resources */,
				565AC61E2254A5DD00B5590A /* Main.storyboard in Resources */,
			);
			runOnlyForDeploymentPostprocessing = 0;
		};
		565AC6292254A5DE00B5590A /* Resources */ = {
			isa = PBXResourcesBuildPhase;
			buildActionMask = 2147483647;
			files = (
			);
			runOnlyForDeploymentPostprocessing = 0;
		};
		565AC6342254A5DE00B5590A /* Resources */ = {
			isa = PBXResourcesBuildPhase;
			buildActionMask = 2147483647;
			files = (
			);
			runOnlyForDeploymentPostprocessing = 0;
		};
/* End PBXResourcesBuildPhase section */

/* Begin PBXSourcesBuildPhase section */
		565AC60F2254A5DD00B5590A /* Sources */ = {
			isa = PBXSourcesBuildPhase;
			buildActionMask = 2147483647;
			files = (
				565AC64A2254A61B00B5590A /* EOCPerson.m in Sources */,
				565AC61B2254A5DD00B5590A /* ViewController.m in Sources */,
				565AC6262254A5DE00B5590A /* main.m in Sources */,
				565AC6182254A5DD00B5590A /* AppDelegate.m in Sources */,
				565AC64D2254AB2200B5590A /* EOCBrain.m in Sources */,
			);
			runOnlyForDeploymentPostprocessing = 0;
		};
		565AC6272254A5DE00B5590A /* Sources */ = {
			isa = PBXSourcesBuildPhase;
			buildActionMask = 2147483647;
			files = (
				565AC6302254A5DE00B5590A /* OC2_7Tests.m in Sources */,
			);
			runOnlyForDeploymentPostprocessing = 0;
		};
		565AC6322254A5DE00B5590A /* Sources */ = {
			isa = PBXSourcesBuildPhase;
			buildActionMask = 2147483647;
			files = (
				565AC63B2254A5DE00B5590A /* OC2_7UITests.m in Sources */,
			);
			runOnlyForDeploymentPostprocessing = 0;
		};
/* End PBXSourcesBuildPhase section */

/* Begin PBXTargetDependency section */
		565AC62D2254A5DE00B5590A /* PBXTargetDependency */ = {
			isa = PBXTargetDependency;
			target = 565AC6122254A5DD00B5590A /* OC2_7 */;
			targetProxy = 565AC62C2254A5DE00B5590A /* PBXContainerItemProxy */;
		};
		565AC6382254A5DE00B5590A /* PBXTargetDependency */ = {
			isa = PBXTargetDependency;
			target = 565AC6122254A5DD00B5590A /* OC2_7 */;
			targetProxy = 565AC6372254A5DE00B5590A /* PBXContainerItemProxy */;
		};
/* End PBXTargetDependency section */

/* Begin PBXVariantGroup section */
		565AC61C2254A5DD00B5590A /* Main.storyboard */ = {
			isa = PBXVariantGroup;
			children = (
				565AC61D2254A5DD00B5590A /* Base */,
			);
			name = Main.storyboard;
			sourceTree = "<group>";
		};
		565AC6212254A5DE00B5590A /* LaunchScreen.storyboard */ = {
			isa = PBXVariantGroup;
			children = (
				565AC6222254A5DE00B5590A /* Base */,
			);
			name = LaunchScreen.storyboard;
			sourceTree = "<group>";
		};
/* End PBXVariantGroup section */

/* Begin XCBuildConfiguration section */
		565AC63D2254A5DE00B5590A /* Debug */ = {
			isa = XCBuildConfiguration;
			buildSettings = {
				ALWAYS_SEARCH_USER_PATHS = NO;
				CLANG_ANALYZER_NONNULL = YES;
				CLANG_ANALYZER_NUMBER_OBJECT_CONVERSION = YES_AGGRESSIVE;
				CLANG_CXX_LANGUAGE_STANDARD = "gnu++14";
				CLANG_CXX_LIBRARY = "libc++";
				CLANG_ENABLE_MODULES = YES;
				CLANG_ENABLE_OBJC_ARC = YES;
				CLANG_ENABLE_OBJC_WEAK = YES;
				CLANG_WARN_BLOCK_CAPTURE_AUTORELEASING = YES;
				CLANG_WARN_BOOL_CONVERSION = YES;
				CLANG_WARN_COMMA = YES;
				CLANG_WARN_CONSTANT_CONVERSION = YES;
				CLANG_WARN_DEPRECATED_OBJC_IMPLEMENTATIONS = YES;
				CLANG_WARN_DIRECT_OBJC_ISA_USAGE = YES_ERROR;
				CLANG_WARN_DOCUMENTATION_COMMENTS = YES;
				CLANG_WARN_EMPTY_BODY = YES;
				CLANG_WARN_ENUM_CONVERSION = YES;
				CLANG_WARN_INFINITE_RECURSION = YES;
				CLANG_WARN_INT_CONVERSION = YES;
				CLANG_WARN_NON_LITERAL_NULL_CONVERSION = YES;
				CLANG_WARN_OBJC_IMPLICIT_RETAIN_SELF = YES;
				CLANG_WARN_OBJC_LITERAL_CONVERSION = YES;
				CLANG_WARN_OBJC_ROOT_CLASS = YES_ERROR;
				CLANG_WARN_RANGE_LOOP_ANALYSIS = YES;
				CLANG_WARN_STRICT_PROTOTYPES = YES;
				CLANG_WARN_SUSPICIOUS_MOVE = YES;
				CLANG_WARN_UNGUARDED_AVAILABILITY = YES_AGGRESSIVE;
				CLANG_WARN_UNREACHABLE_CODE = YES;
				CLANG_WARN__DUPLICATE_METHOD_MATCH = YES;
				CODE_SIGN_IDENTITY = "iPhone Developer";
				COPY_PHASE_STRIP = NO;
				DEBUG_INFORMATION_FORMAT = dwarf;
				ENABLE_STRICT_OBJC_MSGSEND = YES;
				ENABLE_TESTABILITY = YES;
				GCC_C_LANGUAGE_STANDARD = gnu11;
				GCC_DYNAMIC_NO_PIC = NO;
				GCC_NO_COMMON_BLOCKS = YES;
				GCC_OPTIMIZATION_LEVEL = 0;
				GCC_PREPROCESSOR_DEFINITIONS = (
					"DEBUG=1",
					"$(inherited)",
				);
				GCC_WARN_64_TO_32_BIT_CONVERSION = YES;
				GCC_WARN_ABOUT_RETURN_TYPE = YES_ERROR;
				GCC_WARN_UNDECLARED_SELECTOR = YES;
				GCC_WARN_UNINITIALIZED_AUTOS = YES_AGGRESSIVE;
				GCC_WARN_UNUSED_FUNCTION = YES;
				GCC_WARN_UNUSED_VARIABLE = YES;
				IPHONEOS_DEPLOYMENT_TARGET = 12.1;
				MTL_ENABLE_DEBUG_INFO = INCLUDE_SOURCE;
				MTL_FAST_MATH = YES;
				ONLY_ACTIVE_ARCH = YES;
				SDKROOT = iphoneos;
			};
			name = Debug;
		};
		565AC63E2254A5DE00B5590A /* Release */ = {
			isa = XCBuildConfiguration;
			buildSettings = {
				ALWAYS_SEARCH_USER_PATHS = NO;
				CLANG_ANALYZER_NONNULL = YES;
				CLANG_ANALYZER_NUMBER_OBJECT_CONVERSION = YES_AGGRESSIVE;
				CLANG_CXX_LANGUAGE_STANDARD = "gnu++14";
				CLANG_CXX_LIBRARY = "libc++";
				CLANG_ENABLE_MODULES = YES;
				CLANG_ENABLE_OBJC_ARC = YES;
				CLANG_ENABLE_OBJC_WEAK = YES;
				CLANG_WARN_BLOCK_CAPTURE_AUTORELEASING = YES;
				CLANG_WARN_BOOL_CONVERSION = YES;
				CLANG_WARN_COMMA = YES;
				CLANG_WARN_CONSTANT_CONVERSION = YES;
				CLANG_WARN_DEPRECATED_OBJC_IMPLEMENTATIONS = YES;
				CLANG_WARN_DIRECT_OBJC_ISA_USAGE = YES_ERROR;
				CLANG_WARN_DOCUMENTATION_COMMENTS = YES;
				CLANG_WARN_EMPTY_BODY = YES;
				CLANG_WARN_ENUM_CONVERSION = YES;
				CLANG_WARN_INFINITE_RECURSION = YES;
				CLANG_WARN_INT_CONVERSION = YES;
				CLANG_WARN_NON_LITERAL_NULL_CONVERSION = YES;
				CLANG_WARN_OBJC_IMPLICIT_RETAIN_SELF = YES;
				CLANG_WARN_OBJC_LITERAL_CONVERSION = YES;
				CLANG_WARN_OBJC_ROOT_CLASS = YES_ERROR;
				CLANG_WARN_RANGE_LOOP_ANALYSIS = YES;
				CLANG_WARN_STRICT_PROTOTYPES = YES;
				CLANG_WARN_SUSPICIOUS_MOVE = YES;
				CLANG_WARN_UNGUARDED_AVAILABILITY = YES_AGGRESSIVE;
				CLANG_WARN_UNREACHABLE_CODE = YES;
				CLANG_WARN__DUPLICATE_METHOD_MATCH = YES;
				CODE_SIGN_IDENTITY = "iPhone Developer";
				COPY_PHASE_STRIP = NO;
				DEBUG_INFORMATION_FORMAT = "dwarf-with-dsym";
				ENABLE_NS_ASSERTIONS = NO;
				ENABLE_STRICT_OBJC_MSGSEND = YES;
				GCC_C_LANGUAGE_STANDARD = gnu11;
				GCC_NO_COMMON_BLOCKS = YES;
				GCC_WARN_64_TO_32_BIT_CONVERSION = YES;
				GCC_WARN_ABOUT_RETURN_TYPE = YES_ERROR;
				GCC_WARN_UNDECLARED_SELECTOR = YES;
				GCC_WARN_UNINITIALIZED_AUTOS = YES_AGGRESSIVE;
				GCC_WARN_UNUSED_FUNCTION = YES;
				GCC_WARN_UNUSED_VARIABLE = YES;
				IPHONEOS_DEPLOYMENT_TARGET = 12.1;
				MTL_ENABLE_DEBUG_INFO = NO;
				MTL_FAST_MATH = YES;
				SDKROOT = iphoneos;
				VALIDATE_PRODUCT = YES;
			};
			name = Release;
		};
		565AC6402254A5DE00B5590A /* Debug */ = {
			isa = XCBuildConfiguration;
			buildSettings = {
				ASSETCATALOG_COMPILER_APPICON_NAME = AppIcon;
				CODE_SIGN_STYLE = Automatic;
				INFOPLIST_FILE = OC2_7/Info.plist;
				LD_RUNPATH_SEARCH_PATHS = (
					"$(inherited)",
					"@executable_path/Frameworks",
				);
				PRODUCT_BUNDLE_IDENTIFIER = "com.charles.OC2-7";
				PRODUCT_NAME = "$(TARGET_NAME)";
				TARGETED_DEVICE_FAMILY = "1,2";
			};
			name = Debug;
		};
		565AC6412254A5DE00B5590A /* Release */ = {
			isa = XCBuildConfiguration;
			buildSettings = {
				ASSETCATALOG_COMPILER_APPICON_NAME = AppIcon;
				CODE_SIGN_STYLE = Automatic;
				INFOPLIST_FILE = OC2_7/Info.plist;
				LD_RUNPATH_SEARCH_PATHS = (
					"$(inherited)",
					"@executable_path/Frameworks",
				);
				PRODUCT_BUNDLE_IDENTIFIER = "com.charles.OC2-7";
				PRODUCT_NAME = "$(TARGET_NAME)";
				TARGETED_DEVICE_FAMILY = "1,2";
			};
			name = Release;
		};
		565AC6432254A5DE00B5590A /* Debug */ = {
			isa = XCBuildConfiguration;
			buildSettings = {
				BUNDLE_LOADER = "$(TEST_HOST)";
				CODE_SIGN_STYLE = Automatic;
				INFOPLIST_FILE = OC2_7Tests/Info.plist;
				LD_RUNPATH_SEARCH_PATHS = (
					"$(inherited)",
					"@executable_path/Frameworks",
					"@loader_path/Frameworks",
				);
				PRODUCT_BUNDLE_IDENTIFIER = "com.charles.OC2-7Tests";
				PRODUCT_NAME = "$(TARGET_NAME)";
				TARGETED_DEVICE_FAMILY = "1,2";
				TEST_HOST = "$(BUILT_PRODUCTS_DIR)/OC2_7.app/OC2_7";
			};
			name = Debug;
		};
		565AC6442254A5DE00B5590A /* Release */ = {
			isa = XCBuildConfiguration;
			buildSettings = {
				BUNDLE_LOADER = "$(TEST_HOST)";
				CODE_SIGN_STYLE = Automatic;
				INFOPLIST_FILE = OC2_7Tests/Info.plist;
				LD_RUNPATH_SEARCH_PATHS = (
					"$(inherited)",
					"@executable_path/Frameworks",
					"@loader_path/Frameworks",
				);
				PRODUCT_BUNDLE_IDENTIFIER = "com.charles.OC2-7Tests";
				PRODUCT_NAME = "$(TARGET_NAME)";
				TARGETED_DEVICE_FAMILY = "1,2";
				TEST_HOST = "$(BUILT_PRODUCTS_DIR)/OC2_7.app/OC2_7";
			};
			name = Release;
		};
		565AC6462254A5DE00B5590A /* Debug */ = {
			isa = XCBuildConfiguration;
			buildSettings = {
				CODE_SIGN_STYLE = Automatic;
				INFOPLIST_FILE = OC2_7UITests/Info.plist;
				LD_RUNPATH_SEARCH_PATHS = (
					"$(inherited)",
					"@executable_path/Frameworks",
					"@loader_path/Frameworks",
				);
				PRODUCT_BUNDLE_IDENTIFIER = "com.charles.OC2-7UITests";
				PRODUCT_NAME = "$(TARGET_NAME)";
				TARGETED_DEVICE_FAMILY = "1,2";
				TEST_TARGET_NAME = OC2_7;
			};
			name = Debug;
		};
		565AC6472254A5DE00B5590A /* Release */ = {
			isa = XCBuildConfiguration;
			buildSettings = {
				CODE_SIGN_STYLE = Automatic;
				INFOPLIST_FILE = OC2_7UITests/Info.plist;
				LD_RUNPATH_SEARCH_PATHS = (
					"$(inherited)",
					"@executable_path/Frameworks",
					"@loader_path/Frameworks",
				);
				PRODUCT_BUNDLE_IDENTIFIER = "com.charles.OC2-7UITests";
				PRODUCT_NAME = "$(TARGET_NAME)";
				TARGETED_DEVICE_FAMILY = "1,2";
				TEST_TARGET_NAME = OC2_7;
			};
			name = Release;
		};
/* End XCBuildConfiguration section */

/* Begin XCConfigurationList section */
		565AC60E2254A5DD00B5590A /* Build configuration list for PBXProject "OC2_7" */ = {
			isa = XCConfigurationList;
			buildConfigurations = (
				565AC63D2254A5DE00B5590A /* Debug */,
				565AC63E2254A5DE00B5590A /* Release */,
			);
			defaultConfigurationIsVisible = 0;
			defaultConfigurationName = Release;
		};
		565AC63F2254A5DE00B5590A /* Build configuration list for PBXNativeTarget "OC2_7" */ = {
			isa = XCConfigurationList;
			buildConfigurations = (
				565AC6402254A5DE00B5590A /* Debug */,
				565AC6412254A5DE00B5590A /* Release */,
			);
			defaultConfigurationIsVisible = 0;
			defaultConfigurationName = Release;
		};
		565AC6422254A5DE00B5590A /* Build configuration list for PBXNativeTarget "OC2_7Tests" */ = {
			isa = XCConfigurationList;
			buildConfigurations = (
				565AC6432254A5DE00B5590A /* Debug */,
				565AC6442254A5DE00B5590A /* Release */,
			);
			defaultConfigurationIsVisible = 0;
			defaultConfigurationName = Release;
		};
		565AC6452254A5DE00B5590A /* Build configuration list for PBXNativeTarget "OC2_7UITests" */ = {
			isa = XCConfigurationList;
			buildConfigurations = (
				565AC6462254A5DE00B5590A /* Debug */,
				565AC6472254A5DE00B5590A /* Release */,
			);
			defaultConfigurationIsVisible = 0;
			defaultConfigurationName = Release;
		};
/* End XCConfigurationList section */
	};
	rootObject = 565AC60B2254A5DD00B5590A /* Project object */;
}
